
Microsoft Visual Studio Solution File, Format Version 12.00
# Visual Studio 2012
VisualStudioVersion = 12.0.21005.1
MinimumVisualStudioVersion = 10.0.40219.1
Project("{FAE04EC0-301F-11D3-BF4B-00C04F79EFBC}") = "Hooker", "Hooker\Hooker.csproj", "{33A0B54A-F06A-4C79-98F7-D87AEDFD5C2B}"
	ProjectSection(ProjectDependencies) = postProject
		{2182CF16-EAFC-45FA-B4FB-274D05EB027E} = {2182CF16-EAFC-45FA-B4FB-274D05EB027E}
	EndProjectSection
EndProject
Project("{FAE04EC0-301F-11D3-BF4B-00C04F79EFBC}") = "HookRegistry", "HookRegistry\HookRegistry.csproj", "{2182CF16-EAFC-45FA-B4FB-274D05EB027E}"
EndProject
Global
	GlobalSection(SolutionConfigurationPlatforms) = preSolution
		Debug|Any CPU = Debug|Any CPU
		Release|Any CPU = Release|Any CPU
	EndGlobalSection
	GlobalSection(ProjectConfigurationPlatforms) = postSolution
		{2182CF16-EAFC-45FA-B4FB-274D05EB027E}.Debug|Any CPU.ActiveCfg = Debug|Any CPU
		{2182CF16-EAFC-45FA-B4FB-274D05EB027E}.Debug|Any CPU.Build.0 = Debug|Any CPU
		{2182CF16-EAFC-45FA-B4FB-274D05EB027E}.Release|Any CPU.ActiveCfg = Release|Any CPU
		{2182CF16-EAFC-45FA-B4FB-274D05EB027E}.Release|Any CPU.Build.0 = Release|Any CPU
		{33A0B54A-F06A-4C79-98F7-D87AEDFD5C2B}.Debug|Any CPU.ActiveCfg = Debug|Any CPU
		{33A0B54A-F06A-4C79-98F7-D87AEDFD5C2B}.Debug|Any CPU.Build.0 = Debug|Any CPU
		{33A0B54A-F06A-4C79-98F7-D87AEDFD5C2B}.Release|Any CPU.ActiveCfg = Release|Any CPU
		{33A0B54A-F06A-4C79-98F7-D87AEDFD5C2B}.Release|Any CPU.Build.0 = Release|Any CPU
	EndGlobalSection
	GlobalSection(MonoDevelopProperties) = preSolution
		Policies = $0
		$0.TextStylePolicy = $1
		$1.TabsToSpaces = False
		$1.inheritsSet = VisualStudio
		$1.inheritsScope = text/plain
		$1.scope = text/x-csharp
		$0.CSharpFormattingPolicy = $2
		$2.IndentSwitchBody = True
		$2.IndentBlocksInsideExpressions = True
		$2.AnonymousMethodBraceStyle = NextLine
		$2.PropertyBraceStyle = NextLine
		$2.PropertyGetBraceStyle = NextLine
		$2.PropertySetBraceStyle = NextLine
		$2.EventBraceStyle = NextLine
		$2.EventAddBraceStyle = NextLine
		$2.EventRemoveBraceStyle = NextLine
		$2.StatementBraceStyle = NextLine
		$2.ElseNewLinePlacement = NewLine
		$2.CatchNewLinePlacement = NewLine
		$2.FinallyNewLinePlacement = NewLine
		$2.WhileNewLinePlacement = DoNotCare
		$2.ArrayInitializerWrapping = DoNotChange
		$2.ArrayInitializerBraceStyle = NextLine
		$2.BeforeMethodDeclarationParentheses = False
		$2.BeforeMethodCallParentheses = False
		$2.BeforeConstructorDeclarationParentheses = False
		$2.NewLineBeforeConstructorInitializerColon = NewLine
		$2.NewLineAfterConstructorInitializerColon = SameLine
		$2.BeforeDelegateDeclarationParentheses = False
		$2.NewParentheses = False
		$2.SpacesBeforeBrackets = False
		$2.inheritsSet = Mono
		$2.inheritsScope = text/x-csharp
		$2.scope = text/x-csharp
	EndGlobalSection
	GlobalSection(SolutionProperties) = preSolution
		HideSolutionNode = FALSE
	EndGlobalSection
EndGlobal
